// !$*UTF8*$!
{
	archiveVersion = 1;
	classes = {
	};
	objectVersion = 46;
	objects = {

/* Begin PBXBuildFile section */
		04B9DDFF80FB48806D51C5C3 /* Pods_webtask_demo.framework in Frameworks */ = {isa = PBXBuildFile; fileRef = 1F4B0DFCC324406CC6FCCCF1 /* Pods_webtask_demo.framework */; };
		42B667F65FB0B1467F9A2F77 /* Pods_webtask_demoTests.framework in Frameworks */ = {isa = PBXBuildFile; fileRef = 52EBF6058B9BE75ED09953AB /* Pods_webtask_demoTests.framework */; };
		F952382D1D3E78B100D8BF55 /* AppDelegate.swift in Sources */ = {isa = PBXBuildFile; fileRef = F952382C1D3E78B100D8BF55 /* AppDelegate.swift */; };
		F952382F1D3E78B100D8BF55 /* ViewController.swift in Sources */ = {isa = PBXBuildFile; fileRef = F952382E1D3E78B100D8BF55 /* ViewController.swift */; };
		F95238321D3E78B100D8BF55 /* Main.storyboard in Resources */ = {isa = PBXBuildFile; fileRef = F95238301D3E78B100D8BF55 /* Main.storyboard */; };
		F95238341D3E78B100D8BF55 /* Assets.xcassets in Resources */ = {isa = PBXBuildFile; fileRef = F95238331D3E78B100D8BF55 /* Assets.xcassets */; };
		F95238371D3E78B100D8BF55 /* LaunchScreen.storyboard in Resources */ = {isa = PBXBuildFile; fileRef = F95238351D3E78B100D8BF55 /* LaunchScreen.storyboard */; };
		F952384E1D3E7ABA00D8BF55 /* Device.swift in Sources */ = {isa = PBXBuildFile; fileRef = F952384D1D3E7ABA00D8BF55 /* Device.swift */; };
		F95238501D3E809E00D8BF55 /* NSDate+webstask.swift in Sources */ = {isa = PBXBuildFile; fileRef = F952384F1D3E809E00D8BF55 /* NSDate+webstask.swift */; };
		F97C73831D40111300F176D9 /* ApplicationUser.swift in Sources */ = {isa = PBXBuildFile; fileRef = F97C73821D40111300F176D9 /* ApplicationUser.swift */; };
		F97C73851D4011A700F176D9 /* ApplicationUserTests.swift in Sources */ = {isa = PBXBuildFile; fileRef = F97C73841D4011A700F176D9 /* ApplicationUserTests.swift */; };
		F97C73871D401C2B00F176D9 /* ProjectURL.swift in Sources */ = {isa = PBXBuildFile; fileRef = F97C73861D401C2B00F176D9 /* ProjectURL.swift */; };
		F9A9B0511D40C0A300C998A9 /* WebtaskService.swift in Sources */ = {isa = PBXBuildFile; fileRef = F9A9B0501D40C0A300C998A9 /* WebtaskService.swift */; };
		F9A9B0531D40C0E600C998A9 /* WebtaskServiceTests.swift in Sources */ = {isa = PBXBuildFile; fileRef = F9A9B0521D40C0E600C998A9 /* WebtaskServiceTests.swift */; };
/* End PBXBuildFile section */

/* Begin PBXContainerItemProxy section */
		F952383E1D3E78B100D8BF55 /* PBXContainerItemProxy */ = {
			isa = PBXContainerItemProxy;
			containerPortal = F95238211D3E78B100D8BF55 /* Project object */;
			proxyType = 1;
			remoteGlobalIDString = F95238281D3E78B100D8BF55;
			remoteInfo = "webtask-demo";
		};
/* End PBXContainerItemProxy section */

/* Begin PBXFileReference section */
		0201CB47599F349A1D4A98AB /* Pods_webtask_demo_webtask_demoTests.framework */ = {isa = PBXFileReference; explicitFileType = wrapper.framework; includeInIndex = 0; path = Pods_webtask_demo_webtask_demoTests.framework; sourceTree = BUILT_PRODUCTS_DIR; };
		1F4B0DFCC324406CC6FCCCF1 /* Pods_webtask_demo.framework */ = {isa = PBXFileReference; explicitFileType = wrapper.framework; includeInIndex = 0; path = Pods_webtask_demo.framework; sourceTree = BUILT_PRODUCTS_DIR; };
		22B01A032736EB5E819B3F60 /* Pods-webtask-demo-webtask-demoTests.release.xcconfig */ = {isa = PBXFileReference; includeInIndex = 1; lastKnownFileType = text.xcconfig; name = "Pods-webtask-demo-webtask-demoTests.release.xcconfig"; path = "Pods/Target Support Files/Pods-webtask-demo-webtask-demoTests/Pods-webtask-demo-webtask-demoTests.release.xcconfig"; sourceTree = "<group>"; };
		52EBF6058B9BE75ED09953AB /* Pods_webtask_demoTests.framework */ = {isa = PBXFileReference; explicitFileType = wrapper.framework; includeInIndex = 0; path = Pods_webtask_demoTests.framework; sourceTree = BUILT_PRODUCTS_DIR; };
		7D478D990DD260AADA8A00B9 /* Pods-webtask-demoTests.release.xcconfig */ = {isa = PBXFileReference; includeInIndex = 1; lastKnownFileType = text.xcconfig; name = "Pods-webtask-demoTests.release.xcconfig"; path = "Pods/Target Support Files/Pods-webtask-demoTests/Pods-webtask-demoTests.release.xcconfig"; sourceTree = "<group>"; };
		A2DFCBFA37275F86AAC79752 /* Pods-webtask-demoTests.debug.xcconfig */ = {isa = PBXFileReference; includeInIndex = 1; lastKnownFileType = text.xcconfig; name = "Pods-webtask-demoTests.debug.xcconfig"; path = "Pods/Target Support Files/Pods-webtask-demoTests/Pods-webtask-demoTests.debug.xcconfig"; sourceTree = "<group>"; };
		A601D6622315D47209462766 /* Pods-webtask-demo.release.xcconfig */ = {isa = PBXFileReference; includeInIndex = 1; lastKnownFileType = text.xcconfig; name = "Pods-webtask-demo.release.xcconfig"; path = "Pods/Target Support Files/Pods-webtask-demo/Pods-webtask-demo.release.xcconfig"; sourceTree = "<group>"; };
		B7907BA1151EF755BCD3A52D /* Pods-webtask-demo.debug.xcconfig */ = {isa = PBXFileReference; includeInIndex = 1; lastKnownFileType = text.xcconfig; name = "Pods-webtask-demo.debug.xcconfig"; path = "Pods/Target Support Files/Pods-webtask-demo/Pods-webtask-demo.debug.xcconfig"; sourceTree = "<group>"; };
		E2391FDC393B3F2DDFC8538F /* Pods-webtask-demo-webtask-demoTests.debug.xcconfig */ = {isa = PBXFileReference; includeInIndex = 1; lastKnownFileType = text.xcconfig; name = "Pods-webtask-demo-webtask-demoTests.debug.xcconfig"; path = "Pods/Target Support Files/Pods-webtask-demo-webtask-demoTests/Pods-webtask-demo-webtask-demoTests.debug.xcconfig"; sourceTree = "<group>"; };
		F95238291D3E78B100D8BF55 /* webtask-demo.app */ = {isa = PBXFileReference; explicitFileType = wrapper.application; includeInIndex = 0; path = "webtask-demo.app"; sourceTree = BUILT_PRODUCTS_DIR; };
		F952382C1D3E78B100D8BF55 /* AppDelegate.swift */ = {isa = PBXFileReference; lastKnownFileType = sourcecode.swift; path = AppDelegate.swift; sourceTree = "<group>"; };
		F952382E1D3E78B100D8BF55 /* ViewController.swift */ = {isa = PBXFileReference; lastKnownFileType = sourcecode.swift; path = ViewController.swift; sourceTree = "<group>"; };
		F95238311D3E78B100D8BF55 /* Base */ = {isa = PBXFileReference; lastKnownFileType = file.storyboard; name = Base; path = Base.lproj/Main.storyboard; sourceTree = "<group>"; };
		F95238331D3E78B100D8BF55 /* Assets.xcassets */ = {isa = PBXFileReference; lastKnownFileType = folder.assetcatalog; path = Assets.xcassets; sourceTree = "<group>"; };
		F95238361D3E78B100D8BF55 /* Base */ = {isa = PBXFileReference; lastKnownFileType = file.storyboard; name = Base; path = Base.lproj/LaunchScreen.storyboard; sourceTree = "<group>"; };
		F95238381D3E78B100D8BF55 /* Info.plist */ = {isa = PBXFileReference; lastKnownFileType = text.plist.xml; path = Info.plist; sourceTree = "<group>"; };
		F952383D1D3E78B100D8BF55 /* webtask-demoTests.xctest */ = {isa = PBXFileReference; explicitFileType = wrapper.cfbundle; includeInIndex = 0; path = "webtask-demoTests.xctest"; sourceTree = BUILT_PRODUCTS_DIR; };
		F95238431D3E78B100D8BF55 /* Info.plist */ = {isa = PBXFileReference; lastKnownFileType = text.plist.xml; path = Info.plist; sourceTree = "<group>"; };
		F952384D1D3E7ABA00D8BF55 /* Device.swift */ = {isa = PBXFileReference; fileEncoding = 4; lastKnownFileType = sourcecode.swift; name = Device.swift; path = Utils/Device.swift; sourceTree = "<group>"; };
		F952384F1D3E809E00D8BF55 /* NSDate+webstask.swift */ = {isa = PBXFileReference; fileEncoding = 4; lastKnownFileType = sourcecode.swift; name = "NSDate+webstask.swift"; path = "Utils/NSDate+webstask.swift"; sourceTree = "<group>"; };
		F97C73821D40111300F176D9 /* ApplicationUser.swift */ = {isa = PBXFileReference; fileEncoding = 4; lastKnownFileType = sourcecode.swift; name = ApplicationUser.swift; path = Domain/ApplicationUser.swift; sourceTree = "<group>"; };
		F97C73841D4011A700F176D9 /* ApplicationUserTests.swift */ = {isa = PBXFileReference; fileEncoding = 4; lastKnownFileType = sourcecode.swift; path = ApplicationUserTests.swift; sourceTree = "<group>"; };
		F97C73861D401C2B00F176D9 /* ProjectURL.swift */ = {isa = PBXFileReference; fileEncoding = 4; lastKnownFileType = sourcecode.swift; name = ProjectURL.swift; path = Utils/ProjectURL.swift; sourceTree = "<group>"; };
		F9A9B0501D40C0A300C998A9 /* WebtaskService.swift */ = {isa = PBXFileReference; fileEncoding = 4; lastKnownFileType = sourcecode.swift; name = WebtaskService.swift; path = Service/WebtaskService.swift; sourceTree = "<group>"; };
		F9A9B0521D40C0E600C998A9 /* WebtaskServiceTests.swift */ = {isa = PBXFileReference; fileEncoding = 4; lastKnownFileType = sourcecode.swift; path = WebtaskServiceTests.swift; sourceTree = "<group>"; };
/* End PBXFileReference section */

/* Begin PBXFrameworksBuildPhase section */
		F95238261D3E78B100D8BF55 /* Frameworks */ = {
			isa = PBXFrameworksBuildPhase;
			buildActionMask = 2147483647;
			files = (
				04B9DDFF80FB48806D51C5C3 /* Pods_webtask_demo.framework in Frameworks */,
			);
			runOnlyForDeploymentPostprocessing = 0;
		};
		F952383A1D3E78B100D8BF55 /* Frameworks */ = {
			isa = PBXFrameworksBuildPhase;
			buildActionMask = 2147483647;
			files = (
				42B667F65FB0B1467F9A2F77 /* Pods_webtask_demoTests.framework in Frameworks */,
			);
			runOnlyForDeploymentPostprocessing = 0;
		};
/* End PBXFrameworksBuildPhase section */

/* Begin PBXGroup section */
		6C257B9FA80A7D34E3CCA055 /* Pods */ = {
			isa = PBXGroup;
			children = (
				A2DFCBFA37275F86AAC79752 /* Pods-webtask-demoTests.debug.xcconfig */,
				7D478D990DD260AADA8A00B9 /* Pods-webtask-demoTests.release.xcconfig */,
				E2391FDC393B3F2DDFC8538F /* Pods-webtask-demo-webtask-demoTests.debug.xcconfig */,
				22B01A032736EB5E819B3F60 /* Pods-webtask-demo-webtask-demoTests.release.xcconfig */,
				B7907BA1151EF755BCD3A52D /* Pods-webtask-demo.debug.xcconfig */,
				A601D6622315D47209462766 /* Pods-webtask-demo.release.xcconfig */,
			);
			name = Pods;
			sourceTree = "<group>";
		};
		DB180F1DB0E9AB8776D36604 /* Frameworks */ = {
			isa = PBXGroup;
			children = (
				52EBF6058B9BE75ED09953AB /* Pods_webtask_demoTests.framework */,
				1F4B0DFCC324406CC6FCCCF1 /* Pods_webtask_demo.framework */,
				0201CB47599F349A1D4A98AB /* Pods_webtask_demo_webtask_demoTests.framework */,
			);
			name = Frameworks;
			sourceTree = "<group>";
		};
		F95238201D3E78B100D8BF55 = {
			isa = PBXGroup;
			children = (
				F952382B1D3E78B100D8BF55 /* webtask-demo */,
				F95238401D3E78B100D8BF55 /* webtask-demoTests */,
				F952382A1D3E78B100D8BF55 /* Products */,
				6C257B9FA80A7D34E3CCA055 /* Pods */,
				DB180F1DB0E9AB8776D36604 /* Frameworks */,
			);
			sourceTree = "<group>";
		};
		F952382A1D3E78B100D8BF55 /* Products */ = {
			isa = PBXGroup;
			children = (
				F95238291D3E78B100D8BF55 /* webtask-demo.app */,
				F952383D1D3E78B100D8BF55 /* webtask-demoTests.xctest */,
			);
			name = Products;
			sourceTree = "<group>";
		};
		F952382B1D3E78B100D8BF55 /* webtask-demo */ = {
			isa = PBXGroup;
			children = (
				F9A9B04F1D40C08C00C998A9 /* Service */,
				F97C73811D4010FD00F176D9 /* Domain */,
				F952384C1D3E7A9D00D8BF55 /* Utils */,
				F952382C1D3E78B100D8BF55 /* AppDelegate.swift */,
				F952382E1D3E78B100D8BF55 /* ViewController.swift */,
				F95238301D3E78B100D8BF55 /* Main.storyboard */,
				F95238331D3E78B100D8BF55 /* Assets.xcassets */,
				F95238351D3E78B100D8BF55 /* LaunchScreen.storyboard */,
				F95238381D3E78B100D8BF55 /* Info.plist */,
			);
			path = "webtask-demo";
			sourceTree = "<group>";
		};
		F95238401D3E78B100D8BF55 /* webtask-demoTests */ = {
			isa = PBXGroup;
			children = (
				F95238431D3E78B100D8BF55 /* Info.plist */,
				F97C73841D4011A700F176D9 /* ApplicationUserTests.swift */,
				F9A9B0521D40C0E600C998A9 /* WebtaskServiceTests.swift */,
			);
			path = "webtask-demoTests";
			sourceTree = "<group>";
		};
		F952384C1D3E7A9D00D8BF55 /* Utils */ = {
			isa = PBXGroup;
			children = (
				F952384D1D3E7ABA00D8BF55 /* Device.swift */,
				F952384F1D3E809E00D8BF55 /* NSDate+webstask.swift */,
				F97C73861D401C2B00F176D9 /* ProjectURL.swift */,
			);
			name = Utils;
			sourceTree = "<group>";
		};
		F97C73811D4010FD00F176D9 /* Domain */ = {
			isa = PBXGroup;
			children = (
				F97C73821D40111300F176D9 /* ApplicationUser.swift */,
			);
			name = Domain;
			sourceTree = "<group>";
		};
		F9A9B04F1D40C08C00C998A9 /* Service */ = {
			isa = PBXGroup;
			children = (
				F9A9B0501D40C0A300C998A9 /* WebtaskService.swift */,
			);
			name = Service;
			sourceTree = "<group>";
		};
/* End PBXGroup section */

/* Begin PBXNativeTarget section */
		F95238281D3E78B100D8BF55 /* webtask-demo */ = {
			isa = PBXNativeTarget;
			buildConfigurationList = F95238461D3E78B100D8BF55 /* Build configuration list for PBXNativeTarget "webtask-demo" */;
			buildPhases = (
				4850643D411C19B150DA9C67 /* [CP] Check Pods Manifest.lock */,
				F95238251D3E78B100D8BF55 /* Sources */,
				F95238261D3E78B100D8BF55 /* Frameworks */,
				F95238271D3E78B100D8BF55 /* Resources */,
				F453956FF7F54A78B80B83D4 /* [CP] Embed Pods Frameworks */,
				ACE837D2801BE6835C880F8A /* [CP] Copy Pods Resources */,
			);
			buildRules = (
			);
			dependencies = (
			);
			name = "webtask-demo";
			productName = "webtask-demo";
			productReference = F95238291D3E78B100D8BF55 /* webtask-demo.app */;
			productType = "com.apple.product-type.application";
		};
		F952383C1D3E78B100D8BF55 /* webtask-demoTests */ = {
			isa = PBXNativeTarget;
			buildConfigurationList = F95238491D3E78B100D8BF55 /* Build configuration list for PBXNativeTarget "webtask-demoTests" */;
			buildPhases = (
				F9DEFBFAB288325A833F376A /* [CP] Check Pods Manifest.lock */,
				F95238391D3E78B100D8BF55 /* Sources */,
				F952383A1D3E78B100D8BF55 /* Frameworks */,
				F952383B1D3E78B100D8BF55 /* Resources */,
				CEF2FBE9E759BC83CA6AB18F /* [CP] Embed Pods Frameworks */,
				4711F6E6896CFF8F0147A1B9 /* [CP] Copy Pods Resources */,
			);
			buildRules = (
			);
			dependencies = (
				F952383F1D3E78B100D8BF55 /* PBXTargetDependency */,
			);
			name = "webtask-demoTests";
			productName = "webtask-demoTests";
			productReference = F952383D1D3E78B100D8BF55 /* webtask-demoTests.xctest */;
			productType = "com.apple.product-type.bundle.unit-test";
		};
/* End PBXNativeTarget section */

/* Begin PBXProject section */
		F95238211D3E78B100D8BF55 /* Project object */ = {
			isa = PBXProject;
			attributes = {
				LastSwiftUpdateCheck = 0730;
				LastUpgradeCheck = 0730;
				ORGANIZATIONNAME = "Julien Regnauld";
				TargetAttributes = {
					F95238281D3E78B100D8BF55 = {
						CreatedOnToolsVersion = 7.3.1;
					};
					F952383C1D3E78B100D8BF55 = {
						CreatedOnToolsVersion = 7.3.1;
						TestTargetID = F95238281D3E78B100D8BF55;
					};
				};
			};
			buildConfigurationList = F95238241D3E78B100D8BF55 /* Build configuration list for PBXProject "webtask-demo" */;
			compatibilityVersion = "Xcode 3.2";
			developmentRegion = English;
			hasScannedForEncodings = 0;
			knownRegions = (
				en,
				Base,
			);
			mainGroup = F95238201D3E78B100D8BF55;
			productRefGroup = F952382A1D3E78B100D8BF55 /* Products */;
			projectDirPath = "";
			projectRoot = "";
			targets = (
				F95238281D3E78B100D8BF55 /* webtask-demo */,
				F952383C1D3E78B100D8BF55 /* webtask-demoTests */,
			);
		};
/* End PBXProject section */

/* Begin PBXResourcesBuildPhase section */
		F95238271D3E78B100D8BF55 /* Resources */ = {
			isa = PBXResourcesBuildPhase;
			buildActionMask = 2147483647;
			files = (
				F95238371D3E78B100D8BF55 /* LaunchScreen.storyboard in Resources */,
				F95238341D3E78B100D8BF55 /* Assets.xcassets in Resources */,
				F95238321D3E78B100D8BF55 /* Main.storyboard in Resources */,
			);
			runOnlyForDeploymentPostprocessing = 0;
		};
		F952383B1D3E78B100D8BF55 /* Resources */ = {
			isa = PBXResourcesBuildPhase;
			buildActionMask = 2147483647;
			files = (
			);
			runOnlyForDeploymentPostprocessing = 0;
		};
/* End PBXResourcesBuildPhase section */

/* Begin PBXShellScriptBuildPhase section */
		4711F6E6896CFF8F0147A1B9 /* [CP] Copy Pods Resources */ = {
			isa = PBXShellScriptBuildPhase;
			buildActionMask = 2147483647;
			files = (
			);
			inputPaths = (
			);
			name = "[CP] Copy Pods Resources";
			outputPaths = (
			);
			runOnlyForDeploymentPostprocessing = 0;
			shellPath = /bin/sh;
			shellScript = "\"${SRCROOT}/Pods/Target Support Files/Pods-webtask-demoTests/Pods-webtask-demoTests-resources.sh\"\n";
			showEnvVarsInLog = 0;
		};
		4850643D411C19B150DA9C67 /* [CP] Check Pods Manifest.lock */ = {
			isa = PBXShellScriptBuildPhase;
			buildActionMask = 2147483647;
			files = (
			);
			inputPaths = (
			);
			name = "[CP] Check Pods Manifest.lock";
			outputPaths = (
			);
			runOnlyForDeploymentPostprocessing = 0;
			shellPath = /bin/sh;
			shellScript = "diff \"${PODS_ROOT}/../Podfile.lock\" \"${PODS_ROOT}/Manifest.lock\" > /dev/null\nif [[ $? != 0 ]] ; then\n    cat << EOM\nerror: The sandbox is not in sync with the Podfile.lock. Run 'pod install' or update your CocoaPods installation.\nEOM\n    exit 1\nfi\n";
			showEnvVarsInLog = 0;
		};
		ACE837D2801BE6835C880F8A /* [CP] Copy Pods Resources */ = {
			isa = PBXShellScriptBuildPhase;
			buildActionMask = 2147483647;
			files = (
			);
			inputPaths = (
			);
			name = "[CP] Copy Pods Resources";
			outputPaths = (
			);
			runOnlyForDeploymentPostprocessing = 0;
			shellPath = /bin/sh;
			shellScript = "\"${SRCROOT}/Pods/Target Support Files/Pods-webtask-demo/Pods-webtask-demo-resources.sh\"\n";
			showEnvVarsInLog = 0;
		};
		CEF2FBE9E759BC83CA6AB18F /* [CP] Embed Pods Frameworks */ = {
			isa = PBXShellScriptBuildPhase;
			buildActionMask = 2147483647;
			files = (
			);
			inputPaths = (
			);
			name = "[CP] Embed Pods Frameworks";
			outputPaths = (
			);
			runOnlyForDeploymentPostprocessing = 0;
			shellPath = /bin/sh;
			shellScript = "\"${SRCROOT}/Pods/Target Support Files/Pods-webtask-demoTests/Pods-webtask-demoTests-frameworks.sh\"\n";
			showEnvVarsInLog = 0;
		};
		F453956FF7F54A78B80B83D4 /* [CP] Embed Pods Frameworks */ = {
			isa = PBXShellScriptBuildPhase;
			buildActionMask = 2147483647;
			files = (
			);
			inputPaths = (
			);
			name = "[CP] Embed Pods Frameworks";
			outputPaths = (
			);
			runOnlyForDeploymentPostprocessing = 0;
			shellPath = /bin/sh;
			shellScript = "\"${SRCROOT}/Pods/Target Support Files/Pods-webtask-demo/Pods-webtask-demo-frameworks.sh\"\n";
			showEnvVarsInLog = 0;
		};
		F9DEFBFAB288325A833F376A /* [CP] Check Pods Manifest.lock */ = {
			isa = PBXShellScriptBuildPhase;
			buildActionMask = 2147483647;
			files = (
			);
			inputPaths = (
			);
			name = "[CP] Check Pods Manifest.lock";
			outputPaths = (
			);
			runOnlyForDeploymentPostprocessing = 0;
			shellPath = /bin/sh;
			shellScript = "diff \"${PODS_ROOT}/../Podfile.lock\" \"${PODS_ROOT}/Manifest.lock\" > /dev/null\nif [[ $? != 0 ]] ; then\n    cat << EOM\nerror: The sandbox is not in sync with the Podfile.lock. Run 'pod install' or update your CocoaPods installation.\nEOM\n    exit 1\nfi\n";
			showEnvVarsInLog = 0;
		};
/* End PBXShellScriptBuildPhase section */

/* Begin PBXSourcesBuildPhase section */
		F95238251D3E78B100D8BF55 /* Sources */ = {
			isa = PBXSourcesBuildPhase;
			buildActionMask = 2147483647;
			files = (
				F952384E1D3E7ABA00D8BF55 /* Device.swift in Sources */,
				F952382F1D3E78B100D8BF55 /* ViewController.swift in Sources */,
				F95238501D3E809E00D8BF55 /* NSDate+webstask.swift in Sources */,
				F97C73831D40111300F176D9 /* ApplicationUser.swift in Sources */,
				F952382D1D3E78B100D8BF55 /* AppDelegate.swift in Sources */,
				F9A9B0511D40C0A300C998A9 /* WebtaskService.swift in Sources */,
				F97C73871D401C2B00F176D9 /* ProjectURL.swift in Sources */,
			);
			runOnlyForDeploymentPostprocessing = 0;
		};
		F95238391D3E78B100D8BF55 /* Sources */ = {
			isa = PBXSourcesBuildPhase;
			buildActionMask = 2147483647;
			files = (
				F97C73851D4011A700F176D9 /* ApplicationUserTests.swift in Sources */,
				F9A9B0531D40C0E600C998A9 /* WebtaskServiceTests.swift in Sources */,
			);
			runOnlyForDeploymentPostprocessing = 0;
		};
/* End PBXSourcesBuildPhase section */

/* Begin PBXTargetDependency section */
		F952383F1D3E78B100D8BF55 /* PBXTargetDependency */ = {
			isa = PBXTargetDependency;
			target = F95238281D3E78B100D8BF55 /* webtask-demo */;
			targetProxy = F952383E1D3E78B100D8BF55 /* PBXContainerItemProxy */;
		};
/* End PBXTargetDependency section */

/* Begin PBXVariantGroup section */
		F95238301D3E78B100D8BF55 /* Main.storyboard */ = {
			isa = PBXVariantGroup;
			children = (
				F95238311D3E78B100D8BF55 /* Base */,
			);
			name = Main.storyboard;
			sourceTree = "<group>";
		};
		F95238351D3E78B100D8BF55 /* LaunchScreen.storyboard */ = {
			isa = PBXVariantGroup;
			children = (
				F95238361D3E78B100D8BF55 /* Base */,
			);
			name = LaunchScreen.storyboard;
			sourceTree = "<group>";
		};
/* End PBXVariantGroup section */

/* Begin XCBuildConfiguration section */
		F95238441D3E78B100D8BF55 /* Debug */ = {
			isa = XCBuildConfiguration;
			buildSettings = {
				ALWAYS_SEARCH_USER_PATHS = NO;
				CLANG_ANALYZER_NONNULL = YES;
				CLANG_CXX_LANGUAGE_STANDARD = "gnu++0x";
				CLANG_CXX_LIBRARY = "libc++";
				CLANG_ENABLE_MODULES = YES;
				CLANG_ENABLE_OBJC_ARC = YES;
				CLANG_WARN_BOOL_CONVERSION = YES;
				CLANG_WARN_CONSTANT_CONVERSION = YES;
				CLANG_WARN_DIRECT_OBJC_ISA_USAGE = YES_ERROR;
				CLANG_WARN_EMPTY_BODY = YES;
				CLANG_WARN_ENUM_CONVERSION = YES;
				CLANG_WARN_INT_CONVERSION = YES;
				CLANG_WARN_OBJC_ROOT_CLASS = YES_ERROR;
				CLANG_WARN_UNREACHABLE_CODE = YES;
				CLANG_WARN__DUPLICATE_METHOD_MATCH = YES;
				"CODE_SIGN_IDENTITY[sdk=iphoneos*]" = "iPhone Developer";
				COPY_PHASE_STRIP = NO;
				DEBUG_INFORMATION_FORMAT = dwarf;
				ENABLE_STRICT_OBJC_MSGSEND = YES;
				ENABLE_TESTABILITY = YES;
				GCC_C_LANGUAGE_STANDARD = gnu99;
				GCC_DYNAMIC_NO_PIC = NO;
				GCC_NO_COMMON_BLOCKS = YES;
				GCC_OPTIMIZATION_LEVEL = 0;
				GCC_PREPROCESSOR_DEFINITIONS = (
					"DEBUG=1",
					"$(inherited)",
				);
				GCC_WARN_64_TO_32_BIT_CONVERSION = YES;
				GCC_WARN_ABOUT_RETURN_TYPE = YES_ERROR;
				GCC_WARN_UNDECLARED_SELECTOR = YES;
				GCC_WARN_UNINITIALIZED_AUTOS = YES_AGGRESSIVE;
				GCC_WARN_UNUSED_FUNCTION = YES;
				GCC_WARN_UNUSED_VARIABLE = YES;
				IPHONEOS_DEPLOYMENT_TARGET = 9.3;
				MTL_ENABLE_DEBUG_INFO = YES;
				ONLY_ACTIVE_ARCH = YES;
				SDKROOT = iphoneos;
				SWIFT_OPTIMIZATION_LEVEL = "-Onone";
				TARGETED_DEVICE_FAMILY = "1,2";
			};
			name = Debug;
		};
		F95238451D3E78B100D8BF55 /* Release */ = {
			isa = XCBuildConfiguration;
			buildSettings = {
				ALWAYS_SEARCH_USER_PATHS = NO;
				CLANG_ANALYZER_NONNULL = YES;
				CLANG_CXX_LANGUAGE_STANDARD = "gnu++0x";
				CLANG_CXX_LIBRARY = "libc++";
				CLANG_ENABLE_MODULES = YES;
				CLANG_ENABLE_OBJC_ARC = YES;
				CLANG_WARN_BOOL_CONVERSION = YES;
				CLANG_WARN_CONSTANT_CONVERSION = YES;
				CLANG_WARN_DIRECT_OBJC_ISA_USAGE = YES_ERROR;
				CLANG_WARN_EMPTY_BODY = YES;
				CLANG_WARN_ENUM_CONVERSION = YES;
				CLANG_WARN_INT_CONVERSION = YES;
				CLANG_WARN_OBJC_ROOT_CLASS = YES_ERROR;
				CLANG_WARN_UNREACHABLE_CODE = YES;
				CLANG_WARN__DUPLICATE_METHOD_MATCH = YES;
				"CODE_SIGN_IDENTITY[sdk=iphoneos*]" = "iPhone Developer";
				COPY_PHASE_STRIP = NO;
				DEBUG_INFORMATION_FORMAT = "dwarf-with-dsym";
				ENABLE_NS_ASSERTIONS = NO;
				ENABLE_STRICT_OBJC_MSGSEND = YES;
				GCC_C_LANGUAGE_STANDARD = gnu99;
				GCC_NO_COMMON_BLOCKS = YES;
				GCC_WARN_64_TO_32_BIT_CONVERSION = YES;
				GCC_WARN_ABOUT_RETURN_TYPE = YES_ERROR;
				GCC_WARN_UNDECLARED_SELECTOR = YES;
				GCC_WARN_UNINITIALIZED_AUTOS = YES_AGGRESSIVE;
				GCC_WARN_UNUSED_FUNCTION = YES;
				GCC_WARN_UNUSED_VARIABLE = YES;
				IPHONEOS_DEPLOYMENT_TARGET = 9.3;
				MTL_ENABLE_DEBUG_INFO = NO;
				SDKROOT = iphoneos;
				TARGETED_DEVICE_FAMILY = "1,2";
				VALIDATE_PRODUCT = YES;
			};
			name = Release;
		};
		F95238471D3E78B100D8BF55 /* Debug */ = {
			isa = XCBuildConfiguration;
			baseConfigurationReference = B7907BA1151EF755BCD3A52D /* Pods-webtask-demo.debug.xcconfig */;
			buildSettings = {
				ASSETCATALOG_COMPILER_APPICON_NAME = AppIcon;
				FRAMEWORK_SEARCH_PATHS = (
					"$(inherited)",
					"$(PROJECT_DIR)",
				);
				HEADER_SEARCH_PATHS = "$(inherited)";
				INFOPLIST_FILE = "webtask-demo/Info.plist";
				LD_RUNPATH_SEARCH_PATHS = "$(inherited) @executable_path/Frameworks";
				PRODUCT_BUNDLE_IDENTIFIER = "ninja.jregnauld.webtask-demo";
				PRODUCT_NAME = "$(TARGET_NAME)";
				PROVISIONING_PROFILE = "156341bb-1254-4c45-aaba-4005447508cb";
			};
			name = Debug;
		};
		F95238481D3E78B100D8BF55 /* Release */ = {
			isa = XCBuildConfiguration;
			baseConfigurationReference = A601D6622315D47209462766 /* Pods-webtask-demo.release.xcconfig */;
			buildSettings = {
				ASSETCATALOG_COMPILER_APPICON_NAME = AppIcon;
				FRAMEWORK_SEARCH_PATHS = (
					"$(inherited)",
					"$(PROJECT_DIR)",
				);
				HEADER_SEARCH_PATHS = "$(inherited)";
				INFOPLIST_FILE = "webtask-demo/Info.plist";
				LD_RUNPATH_SEARCH_PATHS = "$(inherited) @executable_path/Frameworks";
				PRODUCT_BUNDLE_IDENTIFIER = "ninja.jregnauld.webtask-demo";
				PRODUCT_NAME = "$(TARGET_NAME)";
				PROVISIONING_PROFILE = "156341bb-1254-4c45-aaba-4005447508cb";
			};
			name = Release;
		};
		F952384A1D3E78B100D8BF55 /* Debug */ = {
			isa = XCBuildConfiguration;
			baseConfigurationReference = A2DFCBFA37275F86AAC79752 /* Pods-webtask-demoTests.debug.xcconfig */;
			buildSettings = {
				BUNDLE_LOADER = "$(TEST_HOST)";
				INFOPLIST_FILE = "webtask-demoTests/Info.plist";
				LD_RUNPATH_SEARCH_PATHS = "$(inherited) @executable_path/Frameworks @loader_path/Frameworks";
				PRODUCT_BUNDLE_IDENTIFIER = "ninja.jregnauld.webtask-demoTests";
				PRODUCT_NAME = "$(TARGET_NAME)";
				TEST_HOST = "$(BUILT_PRODUCTS_DIR)/webtask-demo.app/webtask-demo";
			};
			name = Debug;
		};
		F952384B1D3E78B100D8BF55 /* Release */ = {
			isa = XCBuildConfiguration;
			baseConfigurationReference = 7D478D990DD260AADA8A00B9 /* Pods-webtask-demoTests.release.xcconfig */;
			buildSettings = {
				BUNDLE_LOADER = "$(TEST_HOST)";
				INFOPLIST_FILE = "webtask-demoTests/Info.plist";
				LD_RUNPATH_SEARCH_PATHS = "$(inherited) @executable_path/Frameworks @loader_path/Frameworks";
				PRODUCT_BUNDLE_IDENTIFIER = "ninja.jregnauld.webtask-demoTests";
				PRODUCT_NAME = "$(TARGET_NAME)";
				TEST_HOST = "$(BUILT_PRODUCTS_DIR)/webtask-demo.app/webtask-demo";
			};
			name = Release;
		};
/* End XCBuildConfiguration section */

/* Begin XCConfigurationList section */
		F95238241D3E78B100D8BF55 /* Build configuration list for PBXProject "webtask-demo" */ = {
			isa = XCConfigurationList;
			buildConfigurations = (
				F95238441D3E78B100D8BF55 /* Debug */,
				F95238451D3E78B100D8BF55 /* Release */,
			);
			defaultConfigurationIsVisible = 0;
			defaultConfigurationName = Release;
		};
		F95238461D3E78B100D8BF55 /* Build configuration list for PBXNativeTarget "webtask-demo" */ = {
			isa = XCConfigurationList;
			buildConfigurations = (
				F95238471D3E78B100D8BF55 /* Debug */,
				F95238481D3E78B100D8BF55 /* Release */,
			);
			defaultConfigurationIsVisible = 0;
			defaultConfigurationName = Release;
		};
		F95238491D3E78B100D8BF55 /* Build configuration list for PBXNativeTarget "webtask-demoTests" */ = {
			isa = XCConfigurationList;
			buildConfigurations = (
				F952384A1D3E78B100D8BF55 /* Debug */,
				F952384B1D3E78B100D8BF55 /* Release */,
			);
			defaultConfigurationIsVisible = 0;
			defaultConfigurationName = Release;
		};
/* End XCConfigurationList section */
	};
	rootObject = F95238211D3E78B100D8BF55 /* Project object */;
}
